{
  "name": "diva-app",
  "version": "1.0.0",
  "lockfileVersion": 3,
  "requires": true,
  "packages": {
    "": {
      "name": "diva-app",
      "version": "1.0.0",
      "workspaces": [
        "packages/diva-app-apps-sharedUI",
        "packages/diva-app-apps-sharedUI-test",
        "packages/diva-app-core-models",
        "packages/diva-app-core-models-test",
        "packages/diva-app-core-ui",
        "packages/diva-app-core-ui-test",
        "packages/diva-app-auth-api-auth-api-client",
        "packages/diva-app-auth-api-auth-api-client-test",
        "packages/diva-app-auth-data-auth-data",
        "packages/diva-app-auth-data-auth-data-test",
        "packages/diva-app-auth-data-auth-data-shared",
        "packages/diva-app-auth-data-auth-data-shared-test",
        "packages/diva-app-auth-database-auth-database-client",
        "packages/diva-app-auth-database-auth-database-client-test",
        "packages/diva-app-auth-database-auth-database-shared",
        "packages/diva-app-auth-database-auth-database-shared-test",
        "packages/diva-app-auth-di-auth-di-client",
        "packages/diva-app-auth-di-auth-di-client-test",
        "packages/diva-app-auth-models-auth-models",
        "packages/diva-app-auth-models-auth-models-test",
        "packages/diva-app-auth-models-auth-models-api",
        "packages/diva-app-auth-models-auth-models-api-test",
        "packages/diva-app-auth-models-auth-models-database",
        "packages/diva-app-auth-models-auth-models-database-test",
        "packages/diva-app-auth-ui-auth-ui",
        "packages/diva-app-auth-ui-auth-ui-test",
        "packages/diva-app-core-database-sqlite",
        "packages/diva-app-core-database-sqlite-test",
        "packages/diva-app-core-models-models-api",
        "packages/diva-app-core-models-models-api-test",
        "packages_imported/Kotlin-DateTime-library-kotlinx-datetime-wasm-js/0.7.1",
        "packages_imported/skiko-wasm-js/0.9.37-3",
        "packages_imported/skiko-js-wasm-runtime/0.9.37-3",
        "packages_imported/ktor-ktor-client-core/3.3.3"
      ],
      "devDependencies": {}
    },
    "node_modules/@js-joda/core": {
      "version": "3.2.0",
      "resolved": "https://registry.npmjs.org/@js-joda/core/-/core-3.2.0.tgz",
      "integrity": "sha512-PMqgJ0sw5B7FKb2d5bWYIoxjri+QlW/Pys7+Rw82jSH0QN3rB05jZ/VrrsUdh1w4+i2kw9JOejXGq/KhDOX7Kg=="
    },
    "node_modules/diva-app-apps-sharedUI": {
      "resolved": "packages/diva-app-apps-sharedUI",
      "link": true
    },
    "node_modules/diva-app-apps-sharedUI-test": {
      "resolved": "packages/diva-app-apps-sharedUI-test",
      "link": true
    },
    "node_modules/diva-app-auth-api-auth-api-client": {
      "resolved": "packages/diva-app-auth-api-auth-api-client",
      "link": true
    },
    "node_modules/diva-app-auth-api-auth-api-client-test": {
      "resolved": "packages/diva-app-auth-api-auth-api-client-test",
      "link": true
    },
    "node_modules/diva-app-auth-data-auth-data": {
      "resolved": "packages/diva-app-auth-data-auth-data",
      "link": true
    },
    "node_modules/diva-app-auth-data-auth-data-shared": {
      "resolved": "packages/diva-app-auth-data-auth-data-shared",
      "link": true
    },
    "node_modules/diva-app-auth-data-auth-data-shared-test": {
      "resolved": "packages/diva-app-auth-data-auth-data-shared-test",
      "link": true
    },
    "node_modules/diva-app-auth-data-auth-data-test": {
      "resolved": "packages/diva-app-auth-data-auth-data-test",
      "link": true
    },
    "node_modules/diva-app-auth-database-auth-database-client": {
      "resolved": "packages/diva-app-auth-database-auth-database-client",
      "link": true
    },
    "node_modules/diva-app-auth-database-auth-database-client-test": {
      "resolved": "packages/diva-app-auth-database-auth-database-client-test",
      "link": true
    },
    "node_modules/diva-app-auth-database-auth-database-shared": {
      "resolved": "packages/diva-app-auth-database-auth-database-shared",
      "link": true
    },
    "node_modules/diva-app-auth-database-auth-database-shared-test": {
      "resolved": "packages/diva-app-auth-database-auth-database-shared-test",
      "link": true
    },
    "node_modules/diva-app-auth-di-auth-di-client": {
      "resolved": "packages/diva-app-auth-di-auth-di-client",
      "link": true
    },
    "node_modules/diva-app-auth-di-auth-di-client-test": {
      "resolved": "packages/diva-app-auth-di-auth-di-client-test",
      "link": true
    },
    "node_modules/diva-app-auth-models-auth-models": {
      "resolved": "packages/diva-app-auth-models-auth-models",
      "link": true
    },
    "node_modules/diva-app-auth-models-auth-models-api": {
      "resolved": "packages/diva-app-auth-models-auth-models-api",
      "link": true
    },
    "node_modules/diva-app-auth-models-auth-models-api-test": {
      "resolved": "packages/diva-app-auth-models-auth-models-api-test",
      "link": true
    },
    "node_modules/diva-app-auth-models-auth-models-database": {
      "resolved": "packages/diva-app-auth-models-auth-models-database",
      "link": true
    },
    "node_modules/diva-app-auth-models-auth-models-database-test": {
      "resolved": "packages/diva-app-auth-models-auth-models-database-test",
      "link": true
    },
    "node_modules/diva-app-auth-models-auth-models-test": {
      "resolved": "packages/diva-app-auth-models-auth-models-test",
      "link": true
    },
    "node_modules/diva-app-auth-ui-auth-ui": {
      "resolved": "packages/diva-app-auth-ui-auth-ui",
      "link": true
    },
    "node_modules/diva-app-auth-ui-auth-ui-test": {
      "resolved": "packages/diva-app-auth-ui-auth-ui-test",
      "link": true
    },
    "node_modules/diva-app-core-database-sqlite": {
      "resolved": "packages/diva-app-core-database-sqlite",
      "link": true
    },
    "node_modules/diva-app-core-database-sqlite-test": {
      "resolved": "packages/diva-app-core-database-sqlite-test",
      "link": true
    },
    "node_modules/diva-app-core-models": {
      "resolved": "packages/diva-app-core-models",
      "link": true
    },
    "node_modules/diva-app-core-models-models-api": {
      "resolved": "packages/diva-app-core-models-models-api",
      "link": true
    },
    "node_modules/diva-app-core-models-models-api-test": {
      "resolved": "packages/diva-app-core-models-models-api-test",
      "link": true
    },
    "node_modules/diva-app-core-models-test": {
      "resolved": "packages/diva-app-core-models-test",
      "link": true
    },
    "node_modules/diva-app-core-ui": {
      "resolved": "packages/diva-app-core-ui",
      "link": true
    },
    "node_modules/diva-app-core-ui-test": {
      "resolved": "packages/diva-app-core-ui-test",
      "link": true
    },
    "node_modules/Kotlin-DateTime-library-kotlinx-datetime-wasm-js": {
      "resolved": "packages_imported/Kotlin-DateTime-library-kotlinx-datetime-wasm-js/0.7.1",
      "link": true
    },
    "node_modules/ktor-ktor-client-core": {
      "resolved": "packages_imported/ktor-ktor-client-core/3.3.3",
      "link": true
    },
    "node_modules/skiko-js-wasm-runtime": {
      "resolved": "packages_imported/skiko-js-wasm-runtime/0.9.37-3",
      "link": true
    },
    "node_modules/skiko-wasm-js": {
      "resolved": "packages_imported/skiko-wasm-js/0.9.37-3",
      "link": true
    },
    "node_modules/ws": {
      "version": "8.18.3",
      "resolved": "https://registry.npmjs.org/ws/-/ws-8.18.3.tgz",
      "integrity": "sha512-PEIGCY5tSlUt50cqyMXfCzX+oOPqN0vuGqWzbcJ2xvnkzkq46oOpz7dQaTDBdfICb4N14+GARUDw2XV2N4tvzg==",
      "engines": {
        "node": ">=10.0.0"
      },
      "peerDependencies": {
        "bufferutil": "^4.0.1",
        "utf-8-validate": ">=5.0.2"
      },
      "peerDependenciesMeta": {
        "bufferutil": {
          "optional": true
        },
        "utf-8-validate": {
          "optional": true
        }
      }
    },
    "packages_imported/Kotlin-DateTime-library-kotlinx-datetime-wasm-js/0.7.1": {
      "name": "Kotlin-DateTime-library-kotlinx-datetime-wasm-js",
      "version": "0.7.1",
      "dependencies": {
        "@js-joda/core": "3.2.0"
      },
      "devDependencies": {}
    },
    "packages_imported/ktor-ktor-client-core/3.3.3": {
      "name": "ktor-ktor-client-core",
      "version": "3.3.3",
      "dependencies": {
        "ws": "8.18.3"
      },
      "devDependencies": {}
    },
    "packages_imported/skiko-js-wasm-runtime/0.9.37-3": {
      "name": "skiko-js-wasm-runtime",
      "version": "0.9.37-3",
      "devDependencies": {}
    },
    "packages_imported/skiko-wasm-js/0.9.37-3": {
      "name": "skiko-wasm-js",
      "version": "0.9.37-3",
      "devDependencies": {}
    },
    "packages/diva-app-apps-sharedUI": {
      "version": "0.0.0-provider",
      "dependencies": {
        "@js-joda/core": "3.2.0"
      },
      "devDependencies": {}
    },
    "packages/diva-app-apps-sharedUI-test": {
      "version": "0.0.0-provider",
      "dependencies": {
        "@js-joda/core": "3.2.0"
      },
      "devDependencies": {}
    },
    "packages/diva-app-auth-api-auth-api-client": {
      "version": "0.0.0-provider",
      "dependencies": {
        "@js-joda/core": "3.2.0",
        "ws": "8.18.3"
      },
      "devDependencies": {}
    },
    "packages/diva-app-auth-api-auth-api-client-test": {
      "version": "0.0.0-provider",
      "dependencies": {
        "@js-joda/core": "3.2.0",
        "ws": "8.18.3"
      },
      "devDependencies": {}
    },
    "packages/diva-app-auth-data-auth-data": {
      "version": "0.0.0-provider",
      "dependencies": {
        "@js-joda/core": "3.2.0",
        "ws": "8.18.3"
      },
      "devDependencies": {}
    },
    "packages/diva-app-auth-data-auth-data-shared": {
      "version": "0.0.0-provider",
      "dependencies": {
        "@js-joda/core": "3.2.0"
      },
      "devDependencies": {}
    },
    "packages/diva-app-auth-data-auth-data-shared-test": {
      "version": "0.0.0-provider",
      "dependencies": {
        "@js-joda/core": "3.2.0"
      },
      "devDependencies": {}
    },
    "packages/diva-app-auth-data-auth-data-test": {
      "version": "0.0.0-provider",
      "dependencies": {
        "@js-joda/core": "3.2.0",
        "ws": "8.18.3"
      },
      "devDependencies": {}
    },
    "packages/diva-app-auth-database-auth-database-client": {
      "version": "0.0.0-provider",
      "dependencies": {
        "@js-joda/core": "3.2.0"
      },
      "devDependencies": {}
    },
    "packages/diva-app-auth-database-auth-database-client-test": {
      "version": "0.0.0-provider",
      "dependencies": {
        "@js-joda/core": "3.2.0"
      },
      "devDependencies": {}
    },
    "packages/diva-app-auth-database-auth-database-shared": {
      "version": "0.0.0-provider",
      "dependencies": {
        "@js-joda/core": "3.2.0"
      },
      "devDependencies": {}
    },
    "packages/diva-app-auth-database-auth-database-shared-test": {
      "version": "0.0.0-provider",
      "dependencies": {
        "@js-joda/core": "3.2.0"
      },
      "devDependencies": {}
    },
    "packages/diva-app-auth-di-auth-di-client": {
      "version": "0.0.0-provider",
      "dependencies": {
        "@js-joda/core": "3.2.0",
        "ws": "8.18.3"
      },
      "devDependencies": {}
    },
    "packages/diva-app-auth-di-auth-di-client-test": {
      "version": "0.0.0-provider",
      "dependencies": {
        "@js-joda/core": "3.2.0",
        "ws": "8.18.3"
      },
      "devDependencies": {}
    },
    "packages/diva-app-auth-models-auth-models": {
      "version": "0.0.0-provider",
      "dependencies": {
        "@js-joda/core": "3.2.0"
      },
      "devDependencies": {}
    },
    "packages/diva-app-auth-models-auth-models-api": {
      "version": "0.0.0-provider",
      "dependencies": {
        "@js-joda/core": "3.2.0"
      },
      "devDependencies": {}
    },
    "packages/diva-app-auth-models-auth-models-api-test": {
      "version": "0.0.0-provider",
      "dependencies": {
        "@js-joda/core": "3.2.0"
      },
      "devDependencies": {}
    },
    "packages/diva-app-auth-models-auth-models-database": {
      "version": "0.0.0-provider",
      "dependencies": {
        "@js-joda/core": "3.2.0"
      },
      "devDependencies": {}
    },
    "packages/diva-app-auth-models-auth-models-database-test": {
      "version": "0.0.0-provider",
      "dependencies": {
        "@js-joda/core": "3.2.0"
      },
      "devDependencies": {}
    },
    "packages/diva-app-auth-models-auth-models-test": {
      "version": "0.0.0-provider",
      "dependencies": {
        "@js-joda/core": "3.2.0"
      },
      "devDependencies": {}
    },
    "packages/diva-app-auth-ui-auth-ui": {
      "version": "0.0.0-provider",
      "dependencies": {
        "@js-joda/core": "3.2.0"
      },
      "devDependencies": {}
    },
    "packages/diva-app-auth-ui-auth-ui-test": {
      "version": "0.0.0-provider",
      "dependencies": {
        "@js-joda/core": "3.2.0"
      },
      "devDependencies": {}
    },
    "packages/diva-app-core-database-sqlite": {
      "version": "0.0.0-provider",
      "dependencies": {
        "@js-joda/core": "3.2.0"
      },
      "devDependencies": {}
    },
    "packages/diva-app-core-database-sqlite-test": {
      "version": "0.0.0-provider",
      "dependencies": {
        "@js-joda/core": "3.2.0"
      },
      "devDependencies": {}
    },
    "packages/diva-app-core-models": {
      "version": "0.0.0-provider",
      "dependencies": {
        "@js-joda/core": "3.2.0"
      },
      "devDependencies": {}
    },
    "packages/diva-app-core-models-models-api": {
      "version": "0.0.0-provider",
      "dependencies": {
        "@js-joda/core": "3.2.0"
      },
      "devDependencies": {}
    },
    "packages/diva-app-core-models-models-api-test": {
      "version": "0.0.0-provider",
      "dependencies": {
        "@js-joda/core": "3.2.0"
      },
      "devDependencies": {}
    },
    "packages/diva-app-core-models-test": {
      "version": "0.0.0-provider",
      "dependencies": {
        "@js-joda/core": "3.2.0"
      },
      "devDependencies": {}
    },
    "packages/diva-app-core-ui": {
      "version": "0.0.0-provider",
      "dependencies": {
        "@js-joda/core": "3.2.0"
      },
      "devDependencies": {}
    },
    "packages/diva-app-core-ui-test": {
      "version": "0.0.0-provider",
      "dependencies": {
        "@js-joda/core": "3.2.0"
      },
      "devDependencies": {}
    }
  }
}
