{
  "name": "diva-kmp-app",
  "version": "1.0.0",
  "lockfileVersion": 3,
  "requires": true,
  "packages": {
    "": {
      "name": "diva-kmp-app",
      "version": "1.0.0",
      "workspaces": [
        "packages/diva-app-core-models",
        "packages/diva-app-core-models-test",
        "packages/diva-app-core-models-models-api",
        "packages/diva-app-core-models-models-api-test",
        "packages/diva-app-core-models-models-shared",
        "packages/diva-app-core-models-models-shared-test",
        "packages_imported/Kotlin-DateTime-library-kotlinx-datetime-wasm-js/0.7.1"
      ],
      "devDependencies": {}
    },
    "node_modules/@js-joda/core": {
      "version": "3.2.0",
      "resolved": "https://registry.npmjs.org/@js-joda/core/-/core-3.2.0.tgz",
      "integrity": "sha512-PMqgJ0sw5B7FKb2d5bWYIoxjri+QlW/Pys7+Rw82jSH0QN3rB05jZ/VrrsUdh1w4+i2kw9JOejXGq/KhDOX7Kg=="
    },
    "node_modules/diva-app-core-models": {
      "resolved": "packages/diva-app-core-models",
      "link": true
    },
    "node_modules/diva-app-core-models-models-api": {
      "resolved": "packages/diva-app-core-models-models-api",
      "link": true
    },
    "node_modules/diva-app-core-models-models-api-test": {
      "resolved": "packages/diva-app-core-models-models-api-test",
      "link": true
    },
    "node_modules/diva-app-core-models-models-shared": {
      "resolved": "packages/diva-app-core-models-models-shared",
      "link": true
    },
    "node_modules/diva-app-core-models-models-shared-test": {
      "resolved": "packages/diva-app-core-models-models-shared-test",
      "link": true
    },
    "node_modules/diva-app-core-models-test": {
      "resolved": "packages/diva-app-core-models-test",
      "link": true
    },
    "node_modules/Kotlin-DateTime-library-kotlinx-datetime-wasm-js": {
      "resolved": "packages_imported/Kotlin-DateTime-library-kotlinx-datetime-wasm-js/0.7.1",
      "link": true
    },
    "packages_imported/Kotlin-DateTime-library-kotlinx-datetime-wasm-js/0.7.1": {
      "name": "Kotlin-DateTime-library-kotlinx-datetime-wasm-js",
      "version": "0.7.1",
      "dependencies": {
        "@js-joda/core": "3.2.0"
      },
      "devDependencies": {}
    },
    "packages/diva-app-core-models": {
      "version": "0.0.0-provider",
      "dependencies": {
        "@js-joda/core": "3.2.0"
      },
      "devDependencies": {}
    },
    "packages/diva-app-core-models-models-api": {
      "version": "0.0.0-provider",
      "dependencies": {
        "@js-joda/core": "3.2.0"
      },
      "devDependencies": {}
    },
    "packages/diva-app-core-models-models-api-test": {
      "version": "0.0.0-provider",
      "dependencies": {
        "@js-joda/core": "3.2.0"
      },
      "devDependencies": {}
    },
    "packages/diva-app-core-models-models-shared": {
      "version": "0.0.0-provider",
      "dependencies": {
        "@js-joda/core": "3.2.0"
      },
      "devDependencies": {}
    },
    "packages/diva-app-core-models-models-shared-test": {
      "version": "0.0.0-provider",
      "dependencies": {
        "@js-joda/core": "3.2.0"
      },
      "devDependencies": {}
    },
    "packages/diva-app-core-models-test": {
      "version": "0.0.0-provider",
      "dependencies": {
        "@js-joda/core": "3.2.0"
      },
      "devDependencies": {}
    }
  }
}
